// !$*UTF8*$!
{
	archiveVersion = 1;
	classes = {
	};
	objectVersion = 70;
	objects = {

/* Begin PBXBuildFile section */
		9770FFA52F7B0DCB00CAB6F7 /* LodestoneCamera.systemextension in Embed System Extensions */ = {isa = PBXBuildFile; fileRef = A1B2C3D4E5F60040000001 /* LodestoneCamera.systemextension */; settings = {ATTRIBUTES = (RemoveHeadersOnCopy, ); }; };
		A1B2C3D4E5F60001000001 /* main.swift in Sources */ = {isa = PBXBuildFile; fileRef = A1B2C3D4E5F60010000001 /* main.swift */; };
		A1B2C3D4E5F60001000002 /* Provider.swift in Sources */ = {isa = PBXBuildFile; fileRef = A1B2C3D4E5F60010000002 /* Provider.swift */; };
		A1B2C3D4E5F60001000003 /* Device.swift in Sources */ = {isa = PBXBuildFile; fileRef = A1B2C3D4E5F60010000003 /* Device.swift */; };
		A1B2C3D4E5F60001000004 /* Stream.swift in Sources */ = {isa = PBXBuildFile; fileRef = A1B2C3D4E5F60010000004 /* Stream.swift */; };
		A1B2C3D4E5F60001000005 /* CoreMediaIO.framework in Frameworks */ = {isa = PBXBuildFile; fileRef = A1B2C3D4E5F60020000001 /* CoreMediaIO.framework */; };
		A1B2C3D4E5F60001000006 /* CoreVideo.framework in Frameworks */ = {isa = PBXBuildFile; fileRef = A1B2C3D4E5F60020000002 /* CoreVideo.framework */; };
		A1B2C3D4E5F60001000007 /* IOSurface.framework in Frameworks */ = {isa = PBXBuildFile; fileRef = A1B2C3D4E5F60020000003 /* IOSurface.framework */; };
		A1B2C3D4E5F60001000008 /* Foundation.framework in Frameworks */ = {isa = PBXBuildFile; fileRef = A1B2C3D4E5F60020000004 /* Foundation.framework */; };
/* End PBXBuildFile section */

/* Begin PBXContainerItemProxy section */
		9770FFA62F7B0DCB00CAB6F7 /* PBXContainerItemProxy */ = {
			isa = PBXContainerItemProxy;
			containerPortal = A1B2C3D4E5F600A0000001 /* Project object */;
			proxyType = 1;
			remoteGlobalIDString = A1B2C3D4E5F60070000001;
			remoteInfo = LodestoneCamera;
		};
/* End PBXContainerItemProxy section */

/* Begin PBXCopyFilesBuildPhase section */
		9770FFA82F7B0DCB00CAB6F7 /* Embed System Extensions */ = {
			isa = PBXCopyFilesBuildPhase;
			buildActionMask = 2147483647;
			dstPath = "$(SYSTEM_EXTENSIONS_FOLDER_PATH)";
			dstSubfolderSpec = 16;
			files = (
				9770FFA52F7B0DCB00CAB6F7 /* LodestoneCamera.systemextension in Embed System Extensions */,
			);
			name = "Embed System Extensions";
			runOnlyForDeploymentPostprocessing = 0;
		};
/* End PBXCopyFilesBuildPhase section */

/* Begin PBXFileReference section */
		9770FF992F7B050300CAB6F7 /* LodestoneHost.app */ = {isa = PBXFileReference; explicitFileType = wrapper.application; includeInIndex = 0; path = LodestoneHost.app; sourceTree = BUILT_PRODUCTS_DIR; };
		A1B2C3D4E5F60010000001 /* main.swift */ = {isa = PBXFileReference; lastKnownFileType = sourcecode.swift; path = main.swift; sourceTree = "<group>"; };
		A1B2C3D4E5F60010000002 /* Provider.swift */ = {isa = PBXFileReference; lastKnownFileType = sourcecode.swift; path = Provider.swift; sourceTree = "<group>"; };
		A1B2C3D4E5F60010000003 /* Device.swift */ = {isa = PBXFileReference; lastKnownFileType = sourcecode.swift; path = Device.swift; sourceTree = "<group>"; };
		A1B2C3D4E5F60010000004 /* Stream.swift */ = {isa = PBXFileReference; lastKnownFileType = sourcecode.swift; path = Stream.swift; sourceTree = "<group>"; };
		A1B2C3D4E5F60020000001 /* CoreMediaIO.framework */ = {isa = PBXFileReference; lastKnownFileType = wrapper.framework; name = CoreMediaIO.framework; path = System/Library/Frameworks/CoreMediaIO.framework; sourceTree = SDKROOT; };
		A1B2C3D4E5F60020000002 /* CoreVideo.framework */ = {isa = PBXFileReference; lastKnownFileType = wrapper.framework; name = CoreVideo.framework; path = System/Library/Frameworks/CoreVideo.framework; sourceTree = SDKROOT; };
		A1B2C3D4E5F60020000003 /* IOSurface.framework */ = {isa = PBXFileReference; lastKnownFileType = wrapper.framework; name = IOSurface.framework; path = System/Library/Frameworks/IOSurface.framework; sourceTree = SDKROOT; };
		A1B2C3D4E5F60020000004 /* Foundation.framework */ = {isa = PBXFileReference; lastKnownFileType = wrapper.framework; name = Foundation.framework; path = System/Library/Frameworks/Foundation.framework; sourceTree = SDKROOT; };
		A1B2C3D4E5F60030000001 /* Info.plist */ = {isa = PBXFileReference; lastKnownFileType = text.plist.xml; path = Info.plist; sourceTree = "<group>"; };
		A1B2C3D4E5F60030000002 /* LodestoneCamera.entitlements */ = {isa = PBXFileReference; lastKnownFileType = text.plist.entitlements; path = LodestoneCamera.entitlements; sourceTree = "<group>"; };
		A1B2C3D4E5F60040000001 /* LodestoneCamera.systemextension */ = {isa = PBXFileReference; explicitFileType = "wrapper.system-extension"; includeInIndex = 0; path = LodestoneCamera.systemextension; sourceTree = BUILT_PRODUCTS_DIR; };
/* End PBXFileReference section */

/* Begin PBXFileSystemSynchronizedRootGroup section */
		9770FF9A2F7B050300CAB6F7 /* LodestoneHost */ = {isa = PBXFileSystemSynchronizedRootGroup; explicitFileTypes = {}; explicitFolders = (); path = LodestoneHost; sourceTree = "<group>"; };
/* End PBXFileSystemSynchronizedRootGroup section */

/* Begin PBXFrameworksBuildPhase section */
		9770FF962F7B050300CAB6F7 /* Frameworks */ = {
			isa = PBXFrameworksBuildPhase;
			buildActionMask = 2147483647;
			files = (
			);
			runOnlyForDeploymentPostprocessing = 0;
		};
		A1B2C3D4E5F60050000001 /* Frameworks */ = {
			isa = PBXFrameworksBuildPhase;
			buildActionMask = 2147483647;
			files = (
				A1B2C3D4E5F60001000005 /* CoreMediaIO.framework in Frameworks */,
				A1B2C3D4E5F60001000006 /* CoreVideo.framework in Frameworks */,
				A1B2C3D4E5F60001000007 /* IOSurface.framework in Frameworks */,
				A1B2C3D4E5F60001000008 /* Foundation.framework in Frameworks */,
			);
			runOnlyForDeploymentPostprocessing = 0;
		};
/* End PBXFrameworksBuildPhase section */

/* Begin PBXGroup section */
		A1B2C3D4E5F60060000001 = {
			isa = PBXGroup;
			children = (
				A1B2C3D4E5F60060000002 /* Sources */,
				9770FF9A2F7B050300CAB6F7 /* LodestoneHost */,
				A1B2C3D4E5F60060000003 /* Frameworks */,
				A1B2C3D4E5F60060000004 /* Products */,
				A1B2C3D4E5F60030000001 /* Info.plist */,
				A1B2C3D4E5F60030000002 /* LodestoneCamera.entitlements */,
			);
			sourceTree = "<group>";
		};
		A1B2C3D4E5F60060000002 /* Sources */ = {
			isa = PBXGroup;
			children = (
				A1B2C3D4E5F60010000001 /* main.swift */,
				A1B2C3D4E5F60010000002 /* Provider.swift */,
				A1B2C3D4E5F60010000003 /* Device.swift */,
				A1B2C3D4E5F60010000004 /* Stream.swift */,
			);
			path = Sources;
			sourceTree = "<group>";
		};
		A1B2C3D4E5F60060000003 /* Frameworks */ = {
			isa = PBXGroup;
			children = (
				A1B2C3D4E5F60020000001 /* CoreMediaIO.framework */,
				A1B2C3D4E5F60020000002 /* CoreVideo.framework */,
				A1B2C3D4E5F60020000003 /* IOSurface.framework */,
				A1B2C3D4E5F60020000004 /* Foundation.framework */,
			);
			name = Frameworks;
			sourceTree = "<group>";
		};
		A1B2C3D4E5F60060000004 /* Products */ = {
			isa = PBXGroup;
			children = (
				A1B2C3D4E5F60040000001 /* LodestoneCamera.systemextension */,
				9770FF992F7B050300CAB6F7 /* LodestoneHost.app */,
			);
			name = Products;
			sourceTree = "<group>";
		};
/* End PBXGroup section */

/* Begin PBXNativeTarget section */
		9770FF982F7B050300CAB6F7 /* LodestoneHost */ = {
			isa = PBXNativeTarget;
			buildConfigurationList = 9770FFA32F7B050400CAB6F7 /* Build configuration list for PBXNativeTarget "LodestoneHost" */;
			buildPhases = (
				9770FF952F7B050300CAB6F7 /* Sources */,
				9770FF962F7B050300CAB6F7 /* Frameworks */,
				9770FF972F7B050300CAB6F7 /* Resources */,
				9770FFA82F7B0DCB00CAB6F7 /* Embed System Extensions */,
			);
			buildRules = (
			);
			dependencies = (
				9770FFA72F7B0DCB00CAB6F7 /* PBXTargetDependency */,
			);
			fileSystemSynchronizedGroups = (
				9770FF9A2F7B050300CAB6F7 /* LodestoneHost */,
			);
			name = LodestoneHost;
			packageProductDependencies = (
			);
			productName = LodestoneHost;
			productReference = 9770FF992F7B050300CAB6F7 /* LodestoneHost.app */;
			productType = "com.apple.product-type.application";
		};
		A1B2C3D4E5F60070000001 /* LodestoneCamera */ = {
			isa = PBXNativeTarget;
			buildConfigurationList = A1B2C3D4E5F60090000003 /* Build configuration list for PBXNativeTarget "LodestoneCamera" */;
			buildPhases = (
				A1B2C3D4E5F60080000001 /* Sources */,
				A1B2C3D4E5F60050000001 /* Frameworks */,
			);
			buildRules = (
			);
			dependencies = (
			);
			name = LodestoneCamera;
			productName = LodestoneCamera;
			productReference = A1B2C3D4E5F60040000001 /* LodestoneCamera.systemextension */;
			productType = "com.apple.product-type.system-extension";
		};
/* End PBXNativeTarget section */

/* Begin PBXProject section */
		A1B2C3D4E5F600A0000001 /* Project object */ = {
			isa = PBXProject;
			attributes = {
				BuildIndependentTargetsInParallel = 1;
				LastSwiftUpdateCheck = 2640;
				LastUpgradeCheck = 1500;
				TargetAttributes = {
					9770FF982F7B050300CAB6F7 = {
						CreatedOnToolsVersion = 26.4;
					};
				};
			};
			buildConfigurationList = A1B2C3D4E5F60090000001 /* Build configuration list for PBXProject "LodestoneCamera" */;
			compatibilityVersion = "Xcode 14.0";
			developmentRegion = en;
			hasScannedForEncodings = 0;
			knownRegions = (
				en,
				Base,
			);
			mainGroup = A1B2C3D4E5F60060000001;
			productRefGroup = A1B2C3D4E5F60060000004 /* Products */;
			projectDirPath = "";
			projectRoot = "";
			targets = (
				A1B2C3D4E5F60070000001 /* LodestoneCamera */,
				9770FF982F7B050300CAB6F7 /* LodestoneHost */,
			);
		};
/* End PBXProject section */

/* Begin PBXResourcesBuildPhase section */
		9770FF972F7B050300CAB6F7 /* Resources */ = {
			isa = PBXResourcesBuildPhase;
			buildActionMask = 2147483647;
			files = (
			);
			runOnlyForDeploymentPostprocessing = 0;
		};
/* End PBXResourcesBuildPhase section */

/* Begin PBXSourcesBuildPhase section */
		9770FF952F7B050300CAB6F7 /* Sources */ = {
			isa = PBXSourcesBuildPhase;
			buildActionMask = 2147483647;
			files = (
			);
			runOnlyForDeploymentPostprocessing = 0;
		};
		A1B2C3D4E5F60080000001 /* Sources */ = {
			isa = PBXSourcesBuildPhase;
			buildActionMask = 2147483647;
			files = (
				A1B2C3D4E5F60001000001 /* main.swift in Sources */,
				A1B2C3D4E5F60001000002 /* Provider.swift in Sources */,
				A1B2C3D4E5F60001000003 /* Device.swift in Sources */,
				A1B2C3D4E5F60001000004 /* Stream.swift in Sources */,
			);
			runOnlyForDeploymentPostprocessing = 0;
		};
/* End PBXSourcesBuildPhase section */

/* Begin PBXTargetDependency section */
		9770FFA72F7B0DCB00CAB6F7 /* PBXTargetDependency */ = {
			isa = PBXTargetDependency;
			target = A1B2C3D4E5F60070000001 /* LodestoneCamera */;
			targetProxy = 9770FFA62F7B0DCB00CAB6F7 /* PBXContainerItemProxy */;
		};
/* End PBXTargetDependency section */

/* Begin XCBuildConfiguration section */
		9770FFA12F7B050400CAB6F7 /* Debug */ = {
			isa = XCBuildConfiguration;
			buildSettings = {
				ASSETCATALOG_COMPILER_APPICON_NAME = AppIcon;
				ASSETCATALOG_COMPILER_GENERATE_SWIFT_ASSET_SYMBOL_EXTENSIONS = YES;
				ASSETCATALOG_COMPILER_GLOBAL_ACCENT_COLOR_NAME = AccentColor;
				CODE_SIGN_ENTITLEMENTS = LodestoneHost/LodestoneHost.entitlements;
				CODE_SIGN_STYLE = Automatic;
				COMBINE_HIDPI_IMAGES = YES;
				CURRENT_PROJECT_VERSION = 1;
				DEVELOPMENT_TEAM = GNM2RZ7D52;
				ENABLE_APP_SANDBOX = YES;
				ENABLE_HARDENED_RUNTIME = YES;
				ENABLE_PREVIEWS = YES;
				ENABLE_USER_SCRIPT_SANDBOXING = YES;
				ENABLE_USER_SELECTED_FILES = readonly;
				GCC_C_LANGUAGE_STANDARD = gnu17;
				GENERATE_INFOPLIST_FILE = YES;
				INFOPLIST_KEY_NSHumanReadableCopyright = "";
				LD_RUNPATH_SEARCH_PATHS = (
					"$(inherited)",
					"@executable_path/../Frameworks",
				);
				LOCALIZATION_PREFERS_STRING_CATALOGS = YES;
				MACOSX_DEPLOYMENT_TARGET = 26.3;
				MARKETING_VERSION = 1.0;
				PRODUCT_BUNDLE_IDENTIFIER = com.kdougan.lodestone.app;
				PRODUCT_NAME = "$(TARGET_NAME)";
				REGISTER_APP_GROUPS = YES;
				STRING_CATALOG_GENERATE_SYMBOLS = YES;
				SWIFT_ACTIVE_COMPILATION_CONDITIONS = "DEBUG $(inherited)";
				SWIFT_APPROACHABLE_CONCURRENCY = YES;
				SWIFT_DEFAULT_ACTOR_ISOLATION = MainActor;
				SWIFT_EMIT_LOC_STRINGS = YES;
				SWIFT_UPCOMING_FEATURE_MEMBER_IMPORT_VISIBILITY = YES;
				SWIFT_VERSION = 5.0;
			};
			name = Debug;
		};
		9770FFA22F7B050400CAB6F7 /* Release */ = {
			isa = XCBuildConfiguration;
			buildSettings = {
				ASSETCATALOG_COMPILER_APPICON_NAME = AppIcon;
				ASSETCATALOG_COMPILER_GENERATE_SWIFT_ASSET_SYMBOL_EXTENSIONS = YES;
				ASSETCATALOG_COMPILER_GLOBAL_ACCENT_COLOR_NAME = AccentColor;
				CODE_SIGN_ENTITLEMENTS = LodestoneHost/LodestoneHost.entitlements;
				CODE_SIGN_STYLE = Automatic;
				COMBINE_HIDPI_IMAGES = YES;
				CURRENT_PROJECT_VERSION = 1;
				DEVELOPMENT_TEAM = GNM2RZ7D52;
				ENABLE_APP_SANDBOX = YES;
				ENABLE_HARDENED_RUNTIME = YES;
				ENABLE_PREVIEWS = YES;
				ENABLE_USER_SCRIPT_SANDBOXING = YES;
				ENABLE_USER_SELECTED_FILES = readonly;
				GCC_C_LANGUAGE_STANDARD = gnu17;
				GENERATE_INFOPLIST_FILE = YES;
				INFOPLIST_KEY_NSHumanReadableCopyright = "";
				LD_RUNPATH_SEARCH_PATHS = (
					"$(inherited)",
					"@executable_path/../Frameworks",
				);
				LOCALIZATION_PREFERS_STRING_CATALOGS = YES;
				MACOSX_DEPLOYMENT_TARGET = 26.3;
				MARKETING_VERSION = 1.0;
				MTL_ENABLE_DEBUG_INFO = NO;
				PRODUCT_BUNDLE_IDENTIFIER = com.kdougan.lodestone.app;
				PRODUCT_NAME = "$(TARGET_NAME)";
				REGISTER_APP_GROUPS = YES;
				STRING_CATALOG_GENERATE_SYMBOLS = YES;
				SWIFT_APPROACHABLE_CONCURRENCY = YES;
				SWIFT_DEFAULT_ACTOR_ISOLATION = MainActor;
				SWIFT_EMIT_LOC_STRINGS = YES;
				SWIFT_UPCOMING_FEATURE_MEMBER_IMPORT_VISIBILITY = YES;
				SWIFT_VERSION = 5.0;
			};
			name = Release;
		};
		A1B2C3D4E5F600B0000001 /* Debug */ = {
			isa = XCBuildConfiguration;
			buildSettings = {
				ALWAYS_SEARCH_USER_PATHS = NO;
				CLANG_ANALYZER_NONNULL = YES;
				CLANG_ANALYZER_NUMBER_OBJECT_CONVERSION = YES_AGGRESSIVE;
				CLANG_CXX_LANGUAGE_STANDARD = "gnu++20";
				CLANG_ENABLE_MODULES = YES;
				CLANG_ENABLE_OBJC_ARC = YES;
				CLANG_ENABLE_OBJC_WEAK = YES;
				CLANG_WARN_BLOCK_CAPTURE_AUTORELEASING = YES;
				CLANG_WARN_BOOL_CONVERSION = YES;
				CLANG_WARN_COMMA = YES;
				CLANG_WARN_CONSTANT_CONVERSION = YES;
				CLANG_WARN_DEPRECATED_OBJC_IMPLEMENTATIONS = YES;
				CLANG_WARN_DIRECT_OBJC_ISA_USAGE = YES_ERROR;
				CLANG_WARN_DOCUMENTATION_COMMENTS = YES;
				CLANG_WARN_EMPTY_BODY = YES;
				CLANG_WARN_ENUM_CONVERSION = YES;
				CLANG_WARN_INFINITE_RECURSION = YES;
				CLANG_WARN_INT_CONVERSION = YES;
				CLANG_WARN_NON_LITERAL_NULL_CONVERSION = YES;
				CLANG_WARN_OBJC_IMPLICIT_RETAIN_SELF = YES;
				CLANG_WARN_OBJC_LITERAL_CONVERSION = YES;
				CLANG_WARN_OBJC_ROOT_CLASS = YES_ERROR;
				CLANG_WARN_QUOTED_INCLUDE_IN_FRAMEWORK_HEADER = YES;
				CLANG_WARN_RANGE_LOOP_ANALYSIS = YES;
				CLANG_WARN_STRICT_PROTOTYPES = YES;
				CLANG_WARN_SUSPICIOUS_MOVE = YES;
				CLANG_WARN_UNGUARDED_AVAILABILITY = YES_AGGRESSIVE;
				CLANG_WARN_UNREACHABLE_CODE = YES;
				CLANG_WARN__DUPLICATE_METHOD_MATCH = YES;
				COPY_PHASE_STRIP = NO;
				DEBUG_INFORMATION_FORMAT = dwarf;
				ENABLE_STRICT_OBJC_MSGSEND = YES;
				ENABLE_TESTABILITY = YES;
				GCC_C_LANGUAGE_STANDARD = gnu11;
				GCC_DYNAMIC_NO_PIC = NO;
				GCC_NO_COMMON_BLOCKS = YES;
				GCC_OPTIMIZATION_LEVEL = 0;
				GCC_PREPROCESSOR_DEFINITIONS = (
					"DEBUG=1",
					"$(inherited)",
				);
				GCC_WARN_64_TO_32_BIT_CONVERSION = YES;
				GCC_WARN_ABOUT_RETURN_TYPE = YES_ERROR;
				GCC_WARN_UNDECLARED_SELECTOR = YES;
				GCC_WARN_UNINITIALIZED_AUTOS = YES_AGGRESSIVE;
				GCC_WARN_UNUSED_FUNCTION = YES;
				GCC_WARN_UNUSED_VARIABLE = YES;
				MACOSX_DEPLOYMENT_TARGET = 13.0;
				MTL_ENABLE_DEBUG_INFO = INCLUDE_SOURCE;
				MTL_FAST_MATH = YES;
				ONLY_ACTIVE_ARCH = YES;
				SDKROOT = macosx;
				SWIFT_ACTIVE_COMPILATION_CONDITIONS = DEBUG;
				SWIFT_OPTIMIZATION_LEVEL = "-Onone";
			};
			name = Debug;
		};
		A1B2C3D4E5F600B0000002 /* Release */ = {
			isa = XCBuildConfiguration;
			buildSettings = {
				ALWAYS_SEARCH_USER_PATHS = NO;
				CLANG_ANALYZER_NONNULL = YES;
				CLANG_ANALYZER_NUMBER_OBJECT_CONVERSION = YES_AGGRESSIVE;
				CLANG_CXX_LANGUAGE_STANDARD = "gnu++20";
				CLANG_ENABLE_MODULES = YES;
				CLANG_ENABLE_OBJC_ARC = YES;
				CLANG_ENABLE_OBJC_WEAK = YES;
				CLANG_WARN_BLOCK_CAPTURE_AUTORELEASING = YES;
				CLANG_WARN_BOOL_CONVERSION = YES;
				CLANG_WARN_COMMA = YES;
				CLANG_WARN_CONSTANT_CONVERSION = YES;
				CLANG_WARN_DEPRECATED_OBJC_IMPLEMENTATIONS = YES;
				CLANG_WARN_DIRECT_OBJC_ISA_USAGE = YES_ERROR;
				CLANG_WARN_DOCUMENTATION_COMMENTS = YES;
				CLANG_WARN_EMPTY_BODY = YES;
				CLANG_WARN_ENUM_CONVERSION = YES;
				CLANG_WARN_INFINITE_RECURSION = YES;
				CLANG_WARN_INT_CONVERSION = YES;
				CLANG_WARN_NON_LITERAL_NULL_CONVERSION = YES;
				CLANG_WARN_OBJC_IMPLICIT_RETAIN_SELF = YES;
				CLANG_WARN_OBJC_LITERAL_CONVERSION = YES;
				CLANG_WARN_OBJC_ROOT_CLASS = YES_ERROR;
				CLANG_WARN_QUOTED_INCLUDE_IN_FRAMEWORK_HEADER = YES;
				CLANG_WARN_RANGE_LOOP_ANALYSIS = YES;
				CLANG_WARN_STRICT_PROTOTYPES = YES;
				CLANG_WARN_SUSPICIOUS_MOVE = YES;
				CLANG_WARN_UNGUARDED_AVAILABILITY = YES_AGGRESSIVE;
				CLANG_WARN_UNREACHABLE_CODE = YES;
				CLANG_WARN__DUPLICATE_METHOD_MATCH = YES;
				COPY_PHASE_STRIP = NO;
				DEBUG_INFORMATION_FORMAT = "dwarf-with-dsym";
				ENABLE_NS_ASSERTIONS = NO;
				ENABLE_STRICT_OBJC_MSGSEND = YES;
				GCC_C_LANGUAGE_STANDARD = gnu11;
				GCC_NO_COMMON_BLOCKS = YES;
				GCC_WARN_64_TO_32_BIT_CONVERSION = YES;
				GCC_WARN_ABOUT_RETURN_TYPE = YES_ERROR;
				GCC_WARN_UNDECLARED_SELECTOR = YES;
				GCC_WARN_UNINITIALIZED_AUTOS = YES_AGGRESSIVE;
				GCC_WARN_UNUSED_FUNCTION = YES;
				GCC_WARN_UNUSED_VARIABLE = YES;
				MACOSX_DEPLOYMENT_TARGET = 13.0;
				MTL_FAST_MATH = YES;
				SDKROOT = macosx;
				SWIFT_COMPILATION_MODE = wholemodule;
				SWIFT_OPTIMIZATION_LEVEL = "-O";
			};
			name = Release;
		};
		A1B2C3D4E5F600C0000001 /* Debug */ = {
			isa = XCBuildConfiguration;
			buildSettings = {
				CODE_SIGN_ENTITLEMENTS = LodestoneCamera.entitlements;
				CODE_SIGN_STYLE = Automatic;
				COMBINE_HIDPI_IMAGES = YES;
				CURRENT_PROJECT_VERSION = 1;
				DEVELOPMENT_TEAM = GNM2RZ7D52;
				ENABLE_HARDENED_RUNTIME = YES;
				GENERATE_INFOPLIST_FILE = NO;
				INFOPLIST_FILE = Info.plist;
				INFOPLIST_KEY_CFBundleDisplayName = LodestoneCamera;
				INFOPLIST_KEY_NSHumanReadableCopyright = "";
				MARKETING_VERSION = 1.0;
				PRODUCT_BUNDLE_IDENTIFIER = "com.kdougan.lodestone.app.camera-extension";
				PRODUCT_MODULE_NAME = LodestoneCamera;
				PRODUCT_NAME = "$(PRODUCT_BUNDLE_IDENTIFIER)";
				SWIFT_EMIT_LOC_STRINGS = YES;
				SWIFT_VERSION = 5.0;
				SYSTEM_EXTENSION_API_VERSION = 1.0;
			};
			name = Debug;
		};
		A1B2C3D4E5F600C0000002 /* Release */ = {
			isa = XCBuildConfiguration;
			buildSettings = {
				CODE_SIGN_ENTITLEMENTS = LodestoneCamera.entitlements;
				CODE_SIGN_STYLE = Automatic;
				COMBINE_HIDPI_IMAGES = YES;
				CURRENT_PROJECT_VERSION = 1;
				DEVELOPMENT_TEAM = GNM2RZ7D52;
				ENABLE_HARDENED_RUNTIME = YES;
				GENERATE_INFOPLIST_FILE = NO;
				INFOPLIST_FILE = Info.plist;
				INFOPLIST_KEY_CFBundleDisplayName = LodestoneCamera;
				INFOPLIST_KEY_NSHumanReadableCopyright = "";
				MARKETING_VERSION = 1.0;
				PRODUCT_BUNDLE_IDENTIFIER = "com.kdougan.lodestone.app.camera-extension";
				PRODUCT_MODULE_NAME = LodestoneCamera;
				PRODUCT_NAME = "$(PRODUCT_BUNDLE_IDENTIFIER)";
				SWIFT_EMIT_LOC_STRINGS = YES;
				SWIFT_VERSION = 5.0;
				SYSTEM_EXTENSION_API_VERSION = 1.0;
			};
			name = Release;
		};
/* End XCBuildConfiguration section */

/* Begin XCConfigurationList section */
		9770FFA32F7B050400CAB6F7 /* Build configuration list for PBXNativeTarget "LodestoneHost" */ = {
			isa = XCConfigurationList;
			buildConfigurations = (
				9770FFA12F7B050400CAB6F7 /* Debug */,
				9770FFA22F7B050400CAB6F7 /* Release */,
			);
			defaultConfigurationIsVisible = 0;
			defaultConfigurationName = Release;
		};
		A1B2C3D4E5F60090000001 /* Build configuration list for PBXProject "LodestoneCamera" */ = {
			isa = XCConfigurationList;
			buildConfigurations = (
				A1B2C3D4E5F600B0000001 /* Debug */,
				A1B2C3D4E5F600B0000002 /* Release */,
			);
			defaultConfigurationIsVisible = 0;
			defaultConfigurationName = Release;
		};
		A1B2C3D4E5F60090000003 /* Build configuration list for PBXNativeTarget "LodestoneCamera" */ = {
			isa = XCConfigurationList;
			buildConfigurations = (
				A1B2C3D4E5F600C0000001 /* Debug */,
				A1B2C3D4E5F600C0000002 /* Release */,
			);
			defaultConfigurationIsVisible = 0;
			defaultConfigurationName = Release;
		};
/* End XCConfigurationList section */
	};
	rootObject = A1B2C3D4E5F600A0000001 /* Project object */;
}
