// !$*UTF8*$!
{
	archiveVersion = 1;
	classes = {
	};
	objectVersion = 56;
	objects = {

/* Begin PBXBuildFile section */
		A1B2C3D4E5F60001000001 /* main.swift in Sources */ = {isa = PBXBuildFile; fileRef = A1B2C3D4E5F60010000001 /* main.swift */; };
		A1B2C3D4E5F60001000002 /* Provider.swift in Sources */ = {isa = PBXBuildFile; fileRef = A1B2C3D4E5F60010000002 /* Provider.swift */; };
		A1B2C3D4E5F60001000003 /* Device.swift in Sources */ = {isa = PBXBuildFile; fileRef = A1B2C3D4E5F60010000003 /* Device.swift */; };
		A1B2C3D4E5F60001000004 /* Stream.swift in Sources */ = {isa = PBXBuildFile; fileRef = A1B2C3D4E5F60010000004 /* Stream.swift */; };
		A1B2C3D4E5F60001000005 /* CoreMediaIO.framework in Frameworks */ = {isa = PBXBuildFile; fileRef = A1B2C3D4E5F60020000001 /* CoreMediaIO.framework */; };
		A1B2C3D4E5F60001000006 /* CoreVideo.framework in Frameworks */ = {isa = PBXBuildFile; fileRef = A1B2C3D4E5F60020000002 /* CoreVideo.framework */; };
		A1B2C3D4E5F60001000007 /* IOSurface.framework in Frameworks */ = {isa = PBXBuildFile; fileRef = A1B2C3D4E5F60020000003 /* IOSurface.framework */; };
		A1B2C3D4E5F60001000008 /* Foundation.framework in Frameworks */ = {isa = PBXBuildFile; fileRef = A1B2C3D4E5F60020000004 /* Foundation.framework */; };
/* End PBXBuildFile section */

/* Begin PBXFileReference section */
		A1B2C3D4E5F60010000001 /* main.swift */ = {isa = PBXFileReference; lastKnownFileType = sourcecode.swift; path = main.swift; sourceTree = "<group>"; };
		A1B2C3D4E5F60010000002 /* Provider.swift */ = {isa = PBXFileReference; lastKnownFileType = sourcecode.swift; path = Provider.swift; sourceTree = "<group>"; };
		A1B2C3D4E5F60010000003 /* Device.swift */ = {isa = PBXFileReference; lastKnownFileType = sourcecode.swift; path = Device.swift; sourceTree = "<group>"; };
		A1B2C3D4E5F60010000004 /* Stream.swift */ = {isa = PBXFileReference; lastKnownFileType = sourcecode.swift; path = Stream.swift; sourceTree = "<group>"; };
		A1B2C3D4E5F60020000001 /* CoreMediaIO.framework */ = {isa = PBXFileReference; lastKnownFileType = wrapper.framework; name = CoreMediaIO.framework; path = System/Library/Frameworks/CoreMediaIO.framework; sourceTree = SDKROOT; };
		A1B2C3D4E5F60020000002 /* CoreVideo.framework */ = {isa = PBXFileReference; lastKnownFileType = wrapper.framework; name = CoreVideo.framework; path = System/Library/Frameworks/CoreVideo.framework; sourceTree = SDKROOT; };
		A1B2C3D4E5F60020000003 /* IOSurface.framework */ = {isa = PBXFileReference; lastKnownFileType = wrapper.framework; name = IOSurface.framework; path = System/Library/Frameworks/IOSurface.framework; sourceTree = SDKROOT; };
		A1B2C3D4E5F60020000004 /* Foundation.framework */ = {isa = PBXFileReference; lastKnownFileType = wrapper.framework; name = Foundation.framework; path = System/Library/Frameworks/Foundation.framework; sourceTree = SDKROOT; };
		A1B2C3D4E5F60030000001 /* Info.plist */ = {isa = PBXFileReference; lastKnownFileType = text.plist.xml; path = Info.plist; sourceTree = "<group>"; };
		A1B2C3D4E5F60030000002 /* LodestoneCamera.entitlements */ = {isa = PBXFileReference; lastKnownFileType = text.plist.entitlements; path = LodestoneCamera.entitlements; sourceTree = "<group>"; };
		A1B2C3D4E5F60040000001 /* LodestoneCamera.systemextension */ = {isa = PBXFileReference; explicitFileType = "wrapper.system-extension"; includeInIndex = 0; path = LodestoneCamera.systemextension; sourceTree = BUILT_PRODUCTS_DIR; };
/* End PBXFileReference section */

/* Begin PBXFrameworksBuildPhase section */
		A1B2C3D4E5F60050000001 /* Frameworks */ = {
			isa = PBXFrameworksBuildPhase;
			buildActionMask = 2147483647;
			files = (
				A1B2C3D4E5F60001000005 /* CoreMediaIO.framework in Frameworks */,
				A1B2C3D4E5F60001000006 /* CoreVideo.framework in Frameworks */,
				A1B2C3D4E5F60001000007 /* IOSurface.framework in Frameworks */,
				A1B2C3D4E5F60001000008 /* Foundation.framework in Frameworks */,
			);
			runOnlyForDeploymentPostprocessing = 0;
		};
/* End PBXFrameworksBuildPhase section */

/* Begin PBXGroup section */
		A1B2C3D4E5F60060000001 = {
			isa = PBXGroup;
			children = (
				A1B2C3D4E5F60060000002 /* Sources */,
				A1B2C3D4E5F60060000003 /* Frameworks */,
				A1B2C3D4E5F60060000004 /* Products */,
				A1B2C3D4E5F60030000001 /* Info.plist */,
				A1B2C3D4E5F60030000002 /* LodestoneCamera.entitlements */,
			);
			sourceTree = "<group>";
		};
		A1B2C3D4E5F60060000002 /* Sources */ = {
			isa = PBXGroup;
			children = (
				A1B2C3D4E5F60010000001 /* main.swift */,
				A1B2C3D4E5F60010000002 /* Provider.swift */,
				A1B2C3D4E5F60010000003 /* Device.swift */,
				A1B2C3D4E5F60010000004 /* Stream.swift */,
			);
			path = Sources;
			sourceTree = "<group>";
		};
		A1B2C3D4E5F60060000003 /* Frameworks */ = {
			isa = PBXGroup;
			children = (
				A1B2C3D4E5F60020000001 /* CoreMediaIO.framework */,
				A1B2C3D4E5F60020000002 /* CoreVideo.framework */,
				A1B2C3D4E5F60020000003 /* IOSurface.framework */,
				A1B2C3D4E5F60020000004 /* Foundation.framework */,
			);
			name = Frameworks;
			sourceTree = "<group>";
		};
		A1B2C3D4E5F60060000004 /* Products */ = {
			isa = PBXGroup;
			children = (
				A1B2C3D4E5F60040000001 /* LodestoneCamera.systemextension */,
			);
			name = Products;
			sourceTree = "<group>";
		};
/* End PBXGroup section */

/* Begin PBXNativeTarget section */
		A1B2C3D4E5F60070000001 /* LodestoneCamera */ = {
			isa = PBXNativeTarget;
			buildConfigurationList = A1B2C3D4E5F60090000003 /* Build configuration list for PBXNativeTarget "LodestoneCamera" */;
			buildPhases = (
				A1B2C3D4E5F60080000001 /* Sources */,
				A1B2C3D4E5F60050000001 /* Frameworks */,
			);
			buildRules = (
			);
			dependencies = (
			);
			name = LodestoneCamera;
			productName = LodestoneCamera;
			productReference = A1B2C3D4E5F60040000001 /* LodestoneCamera.systemextension */;
			productType = "com.apple.product-type.system-extension";
		};
/* End PBXNativeTarget section */

/* Begin PBXProject section */
		A1B2C3D4E5F600A0000001 /* Project object */ = {
			isa = PBXProject;
			attributes = {
				BuildIndependentTargetsInParallel = 1;
				LastSwiftUpdateCheck = 1500;
				LastUpgradeCheck = 1500;
			};
			buildConfigurationList = A1B2C3D4E5F60090000001 /* Build configuration list for PBXProject "LodestoneCamera" */;
			compatibilityVersion = "Xcode 14.0";
			developmentRegion = en;
			hasScannedForEncodings = 0;
			knownRegions = (
				en,
				Base,
			);
			mainGroup = A1B2C3D4E5F60060000001;
			productRefGroup = A1B2C3D4E5F60060000004 /* Products */;
			projectDirPath = "";
			projectRoot = "";
			targets = (
				A1B2C3D4E5F60070000001 /* LodestoneCamera */,
			);
		};
/* End PBXProject section */

/* Begin PBXSourcesBuildPhase section */
		A1B2C3D4E5F60080000001 /* Sources */ = {
			isa = PBXSourcesBuildPhase;
			buildActionMask = 2147483647;
			files = (
				A1B2C3D4E5F60001000001 /* main.swift in Sources */,
				A1B2C3D4E5F60001000002 /* Provider.swift in Sources */,
				A1B2C3D4E5F60001000003 /* Device.swift in Sources */,
				A1B2C3D4E5F60001000004 /* Stream.swift in Sources */,
			);
			runOnlyForDeploymentPostprocessing = 0;
		};
/* End PBXSourcesBuildPhase section */

/* Begin XCBuildConfiguration section */
		A1B2C3D4E5F600B0000001 /* Debug */ = {
			isa = XCBuildConfiguration;
			buildSettings = {
				ALWAYS_SEARCH_USER_PATHS = NO;
				CLANG_ANALYZER_NONNULL = YES;
				CLANG_ANALYZER_NUMBER_OBJECT_CONVERSION = YES_AGGRESSIVE;
				CLANG_CXX_LANGUAGE_STANDARD = "gnu++20";
				CLANG_ENABLE_MODULES = YES;
				CLANG_ENABLE_OBJC_ARC = YES;
				CLANG_ENABLE_OBJC_WEAK = YES;
				CLANG_WARN_BLOCK_CAPTURE_AUTORELEASING = YES;
				CLANG_WARN_BOOL_CONVERSION = YES;
				CLANG_WARN_COMMA = YES;
				CLANG_WARN_CONSTANT_CONVERSION = YES;
				CLANG_WARN_DEPRECATED_OBJC_IMPLEMENTATIONS = YES;
				CLANG_WARN_DIRECT_OBJC_ISA_USAGE = YES_ERROR;
				CLANG_WARN_DOCUMENTATION_COMMENTS = YES;
				CLANG_WARN_EMPTY_BODY = YES;
				CLANG_WARN_ENUM_CONVERSION = YES;
				CLANG_WARN_INFINITE_RECURSION = YES;
				CLANG_WARN_INT_CONVERSION = YES;
				CLANG_WARN_NON_LITERAL_NULL_CONVERSION = YES;
				CLANG_WARN_OBJC_IMPLICIT_RETAIN_SELF = YES;
				CLANG_WARN_OBJC_LITERAL_CONVERSION = YES;
				CLANG_WARN_OBJC_ROOT_CLASS = YES_ERROR;
				CLANG_WARN_QUOTED_INCLUDE_IN_FRAMEWORK_HEADER = YES;
				CLANG_WARN_RANGE_LOOP_ANALYSIS = YES;
				CLANG_WARN_STRICT_PROTOTYPES = YES;
				CLANG_WARN_SUSPICIOUS_MOVE = YES;
				CLANG_WARN_UNGUARDED_AVAILABILITY = YES_AGGRESSIVE;
				CLANG_WARN_UNREACHABLE_CODE = YES;
				CLANG_WARN__DUPLICATE_METHOD_MATCH = YES;
				COPY_PHASE_STRIP = NO;
				DEBUG_INFORMATION_FORMAT = dwarf;
				ENABLE_STRICT_OBJC_MSGSEND = YES;
				ENABLE_TESTABILITY = YES;
				GCC_C_LANGUAGE_STANDARD = gnu11;
				GCC_DYNAMIC_NO_PIC = NO;
				GCC_NO_COMMON_BLOCKS = YES;
				GCC_OPTIMIZATION_LEVEL = 0;
				GCC_PREPROCESSOR_DEFINITIONS = (
					"DEBUG=1",
					"$(inherited)",
				);
				GCC_WARN_64_TO_32_BIT_CONVERSION = YES;
				GCC_WARN_ABOUT_RETURN_TYPE = YES_ERROR;
				GCC_WARN_UNDECLARED_SELECTOR = YES;
				GCC_WARN_UNINITIALIZED_AUTOS = YES_AGGRESSIVE;
				GCC_WARN_UNUSED_FUNCTION = YES;
				GCC_WARN_UNUSED_VARIABLE = YES;
				MACOSX_DEPLOYMENT_TARGET = 13.0;
				MTL_ENABLE_DEBUG_INFO = INCLUDE_SOURCE;
				MTL_FAST_MATH = YES;
				ONLY_ACTIVE_ARCH = YES;
				SDKROOT = macosx;
				SWIFT_ACTIVE_COMPILATION_CONDITIONS = DEBUG;
				SWIFT_OPTIMIZATION_LEVEL = "-Onone";
			};
			name = Debug;
		};
		A1B2C3D4E5F600B0000002 /* Release */ = {
			isa = XCBuildConfiguration;
			buildSettings = {
				ALWAYS_SEARCH_USER_PATHS = NO;
				CLANG_ANALYZER_NONNULL = YES;
				CLANG_ANALYZER_NUMBER_OBJECT_CONVERSION = YES_AGGRESSIVE;
				CLANG_CXX_LANGUAGE_STANDARD = "gnu++20";
				CLANG_ENABLE_MODULES = YES;
				CLANG_ENABLE_OBJC_ARC = YES;
				CLANG_ENABLE_OBJC_WEAK = YES;
				CLANG_WARN_BLOCK_CAPTURE_AUTORELEASING = YES;
				CLANG_WARN_BOOL_CONVERSION = YES;
				CLANG_WARN_COMMA = YES;
				CLANG_WARN_CONSTANT_CONVERSION = YES;
				CLANG_WARN_DEPRECATED_OBJC_IMPLEMENTATIONS = YES;
				CLANG_WARN_DIRECT_OBJC_ISA_USAGE = YES_ERROR;
				CLANG_WARN_DOCUMENTATION_COMMENTS = YES;
				CLANG_WARN_EMPTY_BODY = YES;
				CLANG_WARN_ENUM_CONVERSION = YES;
				CLANG_WARN_INFINITE_RECURSION = YES;
				CLANG_WARN_INT_CONVERSION = YES;
				CLANG_WARN_NON_LITERAL_NULL_CONVERSION = YES;
				CLANG_WARN_OBJC_IMPLICIT_RETAIN_SELF = YES;
				CLANG_WARN_OBJC_LITERAL_CONVERSION = YES;
				CLANG_WARN_OBJC_ROOT_CLASS = YES_ERROR;
				CLANG_WARN_QUOTED_INCLUDE_IN_FRAMEWORK_HEADER = YES;
				CLANG_WARN_RANGE_LOOP_ANALYSIS = YES;
				CLANG_WARN_STRICT_PROTOTYPES = YES;
				CLANG_WARN_SUSPICIOUS_MOVE = YES;
				CLANG_WARN_UNGUARDED_AVAILABILITY = YES_AGGRESSIVE;
				CLANG_WARN_UNREACHABLE_CODE = YES;
				CLANG_WARN__DUPLICATE_METHOD_MATCH = YES;
				COPY_PHASE_STRIP = NO;
				DEBUG_INFORMATION_FORMAT = "dwarf-with-dsym";
				ENABLE_NS_ASSERTIONS = NO;
				ENABLE_STRICT_OBJC_MSGSEND = YES;
				GCC_C_LANGUAGE_STANDARD = gnu11;
				GCC_NO_COMMON_BLOCKS = YES;
				GCC_WARN_64_TO_32_BIT_CONVERSION = YES;
				GCC_WARN_ABOUT_RETURN_TYPE = YES_ERROR;
				GCC_WARN_UNDECLARED_SELECTOR = YES;
				GCC_WARN_UNINITIALIZED_AUTOS = YES_AGGRESSIVE;
				GCC_WARN_UNUSED_FUNCTION = YES;
				GCC_WARN_UNUSED_VARIABLE = YES;
				MACOSX_DEPLOYMENT_TARGET = 13.0;
				MTL_FAST_MATH = YES;
				SDKROOT = macosx;
				SWIFT_COMPILATION_MODE = wholemodule;
				SWIFT_OPTIMIZATION_LEVEL = "-O";
			};
			name = Release;
		};
		A1B2C3D4E5F600C0000001 /* Debug */ = {
			isa = XCBuildConfiguration;
			buildSettings = {
				CODE_SIGN_ENTITLEMENTS = LodestoneCamera.entitlements;
				CODE_SIGN_STYLE = Automatic;
				COMBINE_HIDPI_IMAGES = YES;
				CURRENT_PROJECT_VERSION = 1;
				DEVELOPMENT_TEAM = GNM2RZ7D52;
				ENABLE_HARDENED_RUNTIME = YES;
				GENERATE_INFOPLIST_FILE = NO;
				INFOPLIST_FILE = Info.plist;
				INFOPLIST_KEY_CFBundleDisplayName = LodestoneCamera;
				INFOPLIST_KEY_NSHumanReadableCopyright = "";
				MARKETING_VERSION = 1.0;
				PRODUCT_BUNDLE_IDENTIFIER = "com.lodestone.camera-extension";
				PRODUCT_MODULE_NAME = LodestoneCamera;
				PRODUCT_NAME = LodestoneCamera;
				SWIFT_EMIT_LOC_STRINGS = YES;
				SWIFT_VERSION = 5.0;
			};
			name = Debug;
		};
		A1B2C3D4E5F600C0000002 /* Release */ = {
			isa = XCBuildConfiguration;
			buildSettings = {
				CODE_SIGN_ENTITLEMENTS = LodestoneCamera.entitlements;
				CODE_SIGN_STYLE = Automatic;
				COMBINE_HIDPI_IMAGES = YES;
				CURRENT_PROJECT_VERSION = 1;
				DEVELOPMENT_TEAM = GNM2RZ7D52;
				ENABLE_HARDENED_RUNTIME = YES;
				GENERATE_INFOPLIST_FILE = NO;
				INFOPLIST_FILE = Info.plist;
				INFOPLIST_KEY_CFBundleDisplayName = LodestoneCamera;
				INFOPLIST_KEY_NSHumanReadableCopyright = "";
				MARKETING_VERSION = 1.0;
				PRODUCT_BUNDLE_IDENTIFIER = "com.lodestone.camera-extension";
				PRODUCT_MODULE_NAME = LodestoneCamera;
				PRODUCT_NAME = LodestoneCamera;
				SWIFT_EMIT_LOC_STRINGS = YES;
				SWIFT_VERSION = 5.0;
			};
			name = Release;
		};
/* End XCBuildConfiguration section */

/* Begin XCConfigurationList section */
		A1B2C3D4E5F60090000001 /* Build configuration list for PBXProject "LodestoneCamera" */ = {
			isa = XCConfigurationList;
			buildConfigurations = (
				A1B2C3D4E5F600B0000001 /* Debug */,
				A1B2C3D4E5F600B0000002 /* Release */,
			);
			defaultConfigurationIsVisible = 0;
			defaultConfigurationName = Release;
		};
		A1B2C3D4E5F60090000003 /* Build configuration list for PBXNativeTarget "LodestoneCamera" */ = {
			isa = XCConfigurationList;
			buildConfigurations = (
				A1B2C3D4E5F600C0000001 /* Debug */,
				A1B2C3D4E5F600C0000002 /* Release */,
			);
			defaultConfigurationIsVisible = 0;
			defaultConfigurationName = Release;
		};
/* End XCConfigurationList section */
	};
	rootObject = A1B2C3D4E5F600A0000001 /* Project object */;
}
